
Microsoft Visual Studio Solution File, Format Version 12.00
# Visual Studio Version 17
VisualStudioVersion = 17.10.35013.160
MinimumVisualStudioVersion = 10.0.40219.1
Project("{FAE04EC0-301F-11D3-BF4B-00C04F79EFBC}") = "CalculateTax", "CalculateTax\CalculateTax.csproj", "{EEE371E6-E860-40DD-AF18-AFA9FB4C4B46}"
EndProject
Project("{FAE04EC0-301F-11D3-BF4B-00C04F79EFBC}") = "CalculateTax.Models", "CalculateTax.Models\CalculateTax.Models.csproj", "{F2BDE913-A594-408A-97B5-92DE0783FB73}"
EndProject
Project("{FAE04EC0-301F-11D3-BF4B-00C04F79EFBC}") = "CalculateTax.DataAccess", "CalculateTax.DataAccess\CalculateTax.DataAccess.csproj", "{C4DB2643-783A-4797-B024-888C05F9B56A}"
EndProject
Project("{FAE04EC0-301F-11D3-BF4B-00C04F79EFBC}") = "CalculateTax.SD", "CalculateTax.SD\CalculateTax.SD.csproj", "{F17DDA53-DEDB-4348-90EB-620594BE6A93}"
EndProject
Project("{FAE04EC0-301F-11D3-BF4B-00C04F79EFBC}") = "CalculateTax.Utility", "CalculateTax.Utility\CalculateTax.Utility.csproj", "{E67C9AEF-94E8-4FB4-B7C5-5ABD77E17E6C}"
EndProject
Global
	GlobalSection(SolutionConfigurationPlatforms) = preSolution
		Debug|Any CPU = Debug|Any CPU
		Release|Any CPU = Release|Any CPU
	EndGlobalSection
	GlobalSection(ProjectConfigurationPlatforms) = postSolution
		{EEE371E6-E860-40DD-AF18-AFA9FB4C4B46}.Debug|Any CPU.ActiveCfg = Debug|Any CPU
		{EEE371E6-E860-40DD-AF18-AFA9FB4C4B46}.Debug|Any CPU.Build.0 = Debug|Any CPU
		{EEE371E6-E860-40DD-AF18-AFA9FB4C4B46}.Release|Any CPU.ActiveCfg = Release|Any CPU
		{EEE371E6-E860-40DD-AF18-AFA9FB4C4B46}.Release|Any CPU.Build.0 = Release|Any CPU
		{F2BDE913-A594-408A-97B5-92DE0783FB73}.Debug|Any CPU.ActiveCfg = Debug|Any CPU
		{F2BDE913-A594-408A-97B5-92DE0783FB73}.Debug|Any CPU.Build.0 = Debug|Any CPU
		{F2BDE913-A594-408A-97B5-92DE0783FB73}.Release|Any CPU.ActiveCfg = Release|Any CPU
		{F2BDE913-A594-408A-97B5-92DE0783FB73}.Release|Any CPU.Build.0 = Release|Any CPU
		{C4DB2643-783A-4797-B024-888C05F9B56A}.Debug|Any CPU.ActiveCfg = Debug|Any CPU
		{C4DB2643-783A-4797-B024-888C05F9B56A}.Debug|Any CPU.Build.0 = Debug|Any CPU
		{C4DB2643-783A-4797-B024-888C05F9B56A}.Release|Any CPU.ActiveCfg = Release|Any CPU
		{C4DB2643-783A-4797-B024-888C05F9B56A}.Release|Any CPU.Build.0 = Release|Any CPU
		{F17DDA53-DEDB-4348-90EB-620594BE6A93}.Debug|Any CPU.ActiveCfg = Debug|Any CPU
		{F17DDA53-DEDB-4348-90EB-620594BE6A93}.Debug|Any CPU.Build.0 = Debug|Any CPU
		{F17DDA53-DEDB-4348-90EB-620594BE6A93}.Release|Any CPU.ActiveCfg = Release|Any CPU
		{F17DDA53-DEDB-4348-90EB-620594BE6A93}.Release|Any CPU.Build.0 = Release|Any CPU
		{E67C9AEF-94E8-4FB4-B7C5-5ABD77E17E6C}.Debug|Any CPU.ActiveCfg = Debug|Any CPU
		{E67C9AEF-94E8-4FB4-B7C5-5ABD77E17E6C}.Debug|Any CPU.Build.0 = Debug|Any CPU
		{E67C9AEF-94E8-4FB4-B7C5-5ABD77E17E6C}.Release|Any CPU.ActiveCfg = Release|Any CPU
		{E67C9AEF-94E8-4FB4-B7C5-5ABD77E17E6C}.Release|Any CPU.Build.0 = Release|Any CPU
	EndGlobalSection
	GlobalSection(SolutionProperties) = preSolution
		HideSolutionNode = FALSE
	EndGlobalSection
	GlobalSection(ExtensibilityGlobals) = postSolution
		SolutionGuid = {5098A2CE-1DB8-41DE-AEBA-B9C2B2386766}
	EndGlobalSection
EndGlobal
